{
  "nodes": {
    "home-manager": {
      "inputs": {
        "nixpkgs": [
          "nixpkgs-unstable"
        ]
      },
      "locked": {
        "lastModified": 1612902587,
        "narHash": "sha256-VZ7Z1OMFf5ReObu3CCVBsC2DWloTYDjqW1onUKejVrE=",
        "owner": "nix-community",
        "repo": "home-manager",
        "rev": "209566c752c4428c7692c134731971193f06b37c",
        "type": "github"
      },
      "original": {
        "owner": "nix-community",
        "ref": "release-20.09",
        "repo": "home-manager",
        "type": "github"
      }
    },
    "nixpkgs": {
      "locked": {
        "lastModified": 1613980253,
        "narHash": "sha256-3jZJAUsTSsKaElPy509a4OX87Vvy1Mu5Z1V3pMg/Pc0=",
        "owner": "nixos",
        "repo": "nixpkgs",
        "rev": "d4189f68fdbe0b14b7637447cb0efde2711f4abf",
        "type": "github"
      },
      "original": {
        "owner": "nixos",
        "ref": "nixos-20.09",
        "repo": "nixpkgs",
        "type": "github"
      }
    },
    "nixpkgs-unstable": {
      "locked": {
        "lastModified": 1613761605,
        "narHash": "sha256-lUF6UPR96ZzQC0faNXBHLoLhNAdxZqYqDwz0PaIZ/7Y=",
        "owner": "nixos",
        "repo": "nixpkgs",
        "rev": "9816b99e71c3504b0b4c1f8b2e004148460029d4",
        "type": "github"
      },
      "original": {
        "owner": "nixos",
        "ref": "nixos-unstable",
        "repo": "nixpkgs",
        "type": "github"
      }
    },
    "nyxt": {
      "inputs": {
        "nixpkgs": [
          "nixpkgs-unstable"
        ]
      },
      "locked": {
        "lastModified": 1608630887,
        "narHash": "sha256-lHvot6jbnmiULw6KRXwpv5qQs2/f4u85aVqxGKF3quk=",
        "owner": "atlas-engineer",
        "repo": "nyxt",
        "rev": "a065942ce03be5b85addf3fa0b9b5617f5ee1e08",
        "type": "github"
      },
      "original": {
        "owner": "atlas-engineer",
        "ref": "2-pre-release-5",
        "repo": "nyxt",
        "type": "github"
      }
    },
    "root": {
      "inputs": {
        "home-manager": "home-manager",
        "nixpkgs": "nixpkgs",
        "nixpkgs-unstable": "nixpkgs-unstable",
        "nyxt": "nyxt"
      }
    }
  },
  "root": "root",
  "version": 7
}
