{
  "nodes": {
    "emacs-overlay": {
      "locked": {
        "lastModified": 1625131282,
        "narHash": "sha256-tFngpHaftocZUOb3SevLzIz1wgycjbLF3vJsYmXcL5s=",
        "owner": "nix-community",
        "repo": "emacs-overlay",
        "rev": "44a5f3ba3876a6ccc4a5ab7afeaf22f9a5af8dfb",
        "type": "github"
      },
      "original": {
        "owner": "nix-community",
        "repo": "emacs-overlay",
        "type": "github"
      }
    },
    "home-manager": {
      "inputs": {
        "nixpkgs": [
          "nixpkgs-unstable"
        ]
      },
      "locked": {
        "lastModified": 1625016439,
        "narHash": "sha256-zHf7iCU9nYd6/7xwYx5gwDzXdXcJ9RUagdy0IgX39sQ=",
        "owner": "nix-community",
        "repo": "home-manager",
        "rev": "9ad0024d4d292c628d4c9a50c2347f23418d7000",
        "type": "github"
      },
      "original": {
        "owner": "nix-community",
        "repo": "home-manager",
        "type": "github"
      }
    },
    "nixpkgs": {
      "locked": {
        "lastModified": 1625037881,
        "narHash": "sha256-cRYHArtHYcUQWM231IrAb4GYf6VJj9AoeW7kkShVRfc=",
        "owner": "nixos",
        "repo": "nixpkgs",
        "rev": "e9148dc1c30e02aae80cc52f68ceb37b772066f3",
        "type": "github"
      },
      "original": {
        "owner": "nixos",
        "ref": "nixos-21.05",
        "repo": "nixpkgs",
        "type": "github"
      }
    },
    "nixpkgs-master": {
      "locked": {
        "lastModified": 1625134613,
        "narHash": "sha256-CMYLa9ONujDnTjvEk0BGqiIe5XW1rkrEPDIQ3TChBUQ=",
        "owner": "nixos",
        "repo": "nixpkgs",
        "rev": "dd9790a83f3e88d4fc1ca809ec53a48d0d10662e",
        "type": "github"
      },
      "original": {
        "owner": "nixos",
        "ref": "master",
        "repo": "nixpkgs",
        "type": "github"
      }
    },
    "nixpkgs-unstable": {
      "locked": {
        "lastModified": 1624922035,
        "narHash": "sha256-OiIxJQuMRkICxaUwY3xMBbrPPu20de/n7tVYnWzLvS4=",
        "owner": "nixos",
        "repo": "nixpkgs",
        "rev": "3a8d7958a610cd3fec3a6f424480f91a1b259185",
        "type": "github"
      },
      "original": {
        "owner": "nixos",
        "ref": "nixos-unstable",
        "repo": "nixpkgs",
        "type": "github"
      }
    },
    "nyxt": {
      "inputs": {
        "nixpkgs": [
          "nixpkgs-unstable"
        ]
      },
      "locked": {
        "lastModified": 1608630887,
        "narHash": "sha256-lHvot6jbnmiULw6KRXwpv5qQs2/f4u85aVqxGKF3quk=",
        "owner": "atlas-engineer",
        "repo": "nyxt",
        "rev": "a065942ce03be5b85addf3fa0b9b5617f5ee1e08",
        "type": "github"
      },
      "original": {
        "owner": "atlas-engineer",
        "ref": "2-pre-release-5",
        "repo": "nyxt",
        "type": "github"
      }
    },
    "root": {
      "inputs": {
        "emacs-overlay": "emacs-overlay",
        "home-manager": "home-manager",
        "nixpkgs": "nixpkgs",
        "nixpkgs-master": "nixpkgs-master",
        "nixpkgs-unstable": "nixpkgs-unstable",
        "nyxt": "nyxt"
      }
    }
  },
  "root": "root",
  "version": 7
}
