{
  "nodes": {
    "emacs-overlay": {
      "locked": {
        "lastModified": 1620586397,
        "narHash": "sha256-KKOSEMOnJBjAX8BJxCOV9j7Z8Z7AwJTonck0YjrTb6Y=",
        "owner": "nix-community",
        "repo": "emacs-overlay",
        "rev": "ff45792c8a45f7fe64d48dcb313781804fabf138",
        "type": "github"
      },
      "original": {
        "owner": "nix-community",
        "repo": "emacs-overlay",
        "type": "github"
      }
    },
    "home-manager": {
      "inputs": {
        "nixpkgs": [
          "nixpkgs-unstable"
        ]
      },
      "locked": {
        "lastModified": 1620598390,
        "narHash": "sha256-Ue/lBfM+q5jZCC9xpElXH7NJET1v9NC1AgmeNCUC0BE=",
        "owner": "nix-community",
        "repo": "home-manager",
        "rev": "3b799f6ea42f850316ae4741ff323dc74ce09467",
        "type": "github"
      },
      "original": {
        "owner": "nix-community",
        "repo": "home-manager",
        "type": "github"
      }
    },
    "nixpkgs": {
      "locked": {
        "lastModified": 1620332858,
        "narHash": "sha256-ZoOfRdndJhX4QQumeUOYXynTuI8GzkSs9bh451Vezak=",
        "owner": "nixos",
        "repo": "nixpkgs",
        "rev": "22612485a469d71df09b9434842767b1f4f2c063",
        "type": "github"
      },
      "original": {
        "owner": "nixos",
        "ref": "nixos-20.09",
        "repo": "nixpkgs",
        "type": "github"
      }
    },
    "nixpkgs-master": {
      "locked": {
        "lastModified": 1620601929,
        "narHash": "sha256-9K1cksd2IS5Yi8pky0ZhpvJHZmKs7h+Ty+u5WyZaNmU=",
        "owner": "nixos",
        "repo": "nixpkgs",
        "rev": "78e7bcdfeceb5fac3ee37ccc2c8fcf25a97fbe0c",
        "type": "github"
      },
      "original": {
        "owner": "nixos",
        "ref": "master",
        "repo": "nixpkgs",
        "type": "github"
      }
    },
    "nixpkgs-unstable": {
      "locked": {
        "lastModified": 1620340338,
        "narHash": "sha256-Op/4K0+Z9Sp5jtFH0s/zMM4H7VFZxrekcAmjQ6JpQ4w=",
        "owner": "nixos",
        "repo": "nixpkgs",
        "rev": "63586475587d7e0e078291ad4b49b6f6a6885100",
        "type": "github"
      },
      "original": {
        "owner": "nixos",
        "ref": "nixos-unstable",
        "repo": "nixpkgs",
        "type": "github"
      }
    },
    "nyxt": {
      "inputs": {
        "nixpkgs": [
          "nixpkgs-unstable"
        ]
      },
      "locked": {
        "lastModified": 1608630887,
        "narHash": "sha256-lHvot6jbnmiULw6KRXwpv5qQs2/f4u85aVqxGKF3quk=",
        "owner": "atlas-engineer",
        "repo": "nyxt",
        "rev": "a065942ce03be5b85addf3fa0b9b5617f5ee1e08",
        "type": "github"
      },
      "original": {
        "owner": "atlas-engineer",
        "ref": "2-pre-release-5",
        "repo": "nyxt",
        "type": "github"
      }
    },
    "root": {
      "inputs": {
        "emacs-overlay": "emacs-overlay",
        "home-manager": "home-manager",
        "nixpkgs": "nixpkgs",
        "nixpkgs-master": "nixpkgs-master",
        "nixpkgs-unstable": "nixpkgs-unstable",
        "nyxt": "nyxt"
      }
    }
  },
  "root": "root",
  "version": 7
}
